// !$*UTF8*$!
{
	archiveVersion = 1;
	classes = {
	};
	objectVersion = 56;
	objects = {

/* Begin PBXBuildFile section */
		7030CE0E2BD681F500A931E3 /* PetsDetailsVC.swift in Sources */ = {isa = PBXBuildFile; fileRef = 7030CE0D2BD681F500A931E3 /* PetsDetailsVC.swift */; };
		7056CED12BD5944700AB1F14 /* PetsTVCell.swift in Sources */ = {isa = PBXBuildFile; fileRef = 7056CECF2BD5944700AB1F14 /* PetsTVCell.swift */; };
		7056CED22BD5944700AB1F14 /* PetsTVCell.xib in Resources */ = {isa = PBXBuildFile; fileRef = 7056CED02BD5944700AB1F14 /* PetsTVCell.xib */; };
		70BCCEAF2BD5836800D71E1C /* PetsModel.swift in Sources */ = {isa = PBXBuildFile; fileRef = 70BCCEAE2BD5836800D71E1C /* PetsModel.swift */; };
		70BCCEB42BD583C500D71E1C /* ConfigModel.swift in Sources */ = {isa = PBXBuildFile; fileRef = 70BCCEB32BD583C500D71E1C /* ConfigModel.swift */; };
		70BCCEBC2BD58BCA00D71E1C /* Enums.swift in Sources */ = {isa = PBXBuildFile; fileRef = 70BCCEBB2BD58BCA00D71E1C /* Enums.swift */; };
		70BCCEC02BD58C0F00D71E1C /* Extensions.swift in Sources */ = {isa = PBXBuildFile; fileRef = 70BCCEBF2BD58C0F00D71E1C /* Extensions.swift */; };
		70BCCEC62BD58CB200D71E1C /* HomeViewModel.swift in Sources */ = {isa = PBXBuildFile; fileRef = 70BCCEC52BD58CB200D71E1C /* HomeViewModel.swift */; };
		70BCCECD2BD5914F00D71E1C /* HeaderCell.swift in Sources */ = {isa = PBXBuildFile; fileRef = 70BCCECB2BD5914E00D71E1C /* HeaderCell.swift */; };
		70BCCECE2BD5914F00D71E1C /* HeaderCell.xib in Resources */ = {isa = PBXBuildFile; fileRef = 70BCCECC2BD5914F00D71E1C /* HeaderCell.xib */; };
		70CAE51F2BD6419800D938D8 /* Constants.swift in Sources */ = {isa = PBXBuildFile; fileRef = 70CAE51E2BD6419800D938D8 /* Constants.swift */; };
		70CAE5222BD64D0C00D938D8 /* NetworkManager.swift in Sources */ = {isa = PBXBuildFile; fileRef = 70CAE5212BD64D0C00D938D8 /* NetworkManager.swift */; };
		70ED29992BD56EDC0066A026 /* AppDelegate.swift in Sources */ = {isa = PBXBuildFile; fileRef = 70ED29982BD56EDC0066A026 /* AppDelegate.swift */; };
		70ED299B2BD56EDC0066A026 /* SceneDelegate.swift in Sources */ = {isa = PBXBuildFile; fileRef = 70ED299A2BD56EDC0066A026 /* SceneDelegate.swift */; };
		70ED29A02BD56EDC0066A026 /* Main.storyboard in Resources */ = {isa = PBXBuildFile; fileRef = 70ED299E2BD56EDC0066A026 /* Main.storyboard */; };
		70ED29A22BD56EE00066A026 /* Assets.xcassets in Resources */ = {isa = PBXBuildFile; fileRef = 70ED29A12BD56EE00066A026 /* Assets.xcassets */; };
		70ED29A52BD56EE00066A026 /* LaunchScreen.storyboard in Resources */ = {isa = PBXBuildFile; fileRef = 70ED29A32BD56EE00066A026 /* LaunchScreen.storyboard */; };
		70ED29B02BD5750B0066A026 /* HomeVC.swift in Sources */ = {isa = PBXBuildFile; fileRef = 70ED29AF2BD5750B0066A026 /* HomeVC.swift */; };
/* End PBXBuildFile section */

/* Begin PBXFileReference section */
		7030CE0D2BD681F500A931E3 /* PetsDetailsVC.swift */ = {isa = PBXFileReference; lastKnownFileType = sourcecode.swift; name = PetsDetailsVC.swift; path = "PetCare Connect/Home/Model/PetsDetailsVC.swift"; sourceTree = SOURCE_ROOT; };
		7056CECF2BD5944700AB1F14 /* PetsTVCell.swift */ = {isa = PBXFileReference; lastKnownFileType = sourcecode.swift; path = PetsTVCell.swift; sourceTree = "<group>"; };
		7056CED02BD5944700AB1F14 /* PetsTVCell.xib */ = {isa = PBXFileReference; lastKnownFileType = file.xib; path = PetsTVCell.xib; sourceTree = "<group>"; };
		70BCCEAE2BD5836800D71E1C /* PetsModel.swift */ = {isa = PBXFileReference; lastKnownFileType = sourcecode.swift; path = PetsModel.swift; sourceTree = "<group>"; };
		70BCCEB32BD583C500D71E1C /* ConfigModel.swift */ = {isa = PBXFileReference; lastKnownFileType = sourcecode.swift; path = ConfigModel.swift; sourceTree = "<group>"; };
		70BCCEBB2BD58BCA00D71E1C /* Enums.swift */ = {isa = PBXFileReference; lastKnownFileType = sourcecode.swift; path = Enums.swift; sourceTree = "<group>"; };
		70BCCEBF2BD58C0F00D71E1C /* Extensions.swift */ = {isa = PBXFileReference; lastKnownFileType = sourcecode.swift; path = Extensions.swift; sourceTree = "<group>"; };
		70BCCEC52BD58CB200D71E1C /* HomeViewModel.swift */ = {isa = PBXFileReference; lastKnownFileType = sourcecode.swift; path = HomeViewModel.swift; sourceTree = "<group>"; };
		70BCCECB2BD5914E00D71E1C /* HeaderCell.swift */ = {isa = PBXFileReference; lastKnownFileType = sourcecode.swift; path = HeaderCell.swift; sourceTree = "<group>"; };
		70BCCECC2BD5914F00D71E1C /* HeaderCell.xib */ = {isa = PBXFileReference; lastKnownFileType = file.xib; path = HeaderCell.xib; sourceTree = "<group>"; };
		70CAE51E2BD6419800D938D8 /* Constants.swift */ = {isa = PBXFileReference; lastKnownFileType = sourcecode.swift; path = Constants.swift; sourceTree = "<group>"; };
		70CAE5212BD64D0C00D938D8 /* NetworkManager.swift */ = {isa = PBXFileReference; lastKnownFileType = sourcecode.swift; path = NetworkManager.swift; sourceTree = "<group>"; };
		70ED29952BD56EDC0066A026 /* PetCare Connect.app */ = {isa = PBXFileReference; explicitFileType = wrapper.application; includeInIndex = 0; path = "PetCare Connect.app"; sourceTree = BUILT_PRODUCTS_DIR; };
		70ED29982BD56EDC0066A026 /* AppDelegate.swift */ = {isa = PBXFileReference; lastKnownFileType = sourcecode.swift; path = AppDelegate.swift; sourceTree = "<group>"; };
		70ED299A2BD56EDC0066A026 /* SceneDelegate.swift */ = {isa = PBXFileReference; lastKnownFileType = sourcecode.swift; path = SceneDelegate.swift; sourceTree = "<group>"; };
		70ED299F2BD56EDC0066A026 /* Base */ = {isa = PBXFileReference; lastKnownFileType = file.storyboard; name = Base; path = Base.lproj/Main.storyboard; sourceTree = "<group>"; };
		70ED29A12BD56EE00066A026 /* Assets.xcassets */ = {isa = PBXFileReference; lastKnownFileType = folder.assetcatalog; path = Assets.xcassets; sourceTree = "<group>"; };
		70ED29A42BD56EE00066A026 /* Base */ = {isa = PBXFileReference; lastKnownFileType = file.storyboard; name = Base; path = Base.lproj/LaunchScreen.storyboard; sourceTree = "<group>"; };
		70ED29A62BD56EE00066A026 /* Info.plist */ = {isa = PBXFileReference; lastKnownFileType = text.plist.xml; path = Info.plist; sourceTree = "<group>"; };
		70ED29AF2BD5750B0066A026 /* HomeVC.swift */ = {isa = PBXFileReference; lastKnownFileType = sourcecode.swift; path = HomeVC.swift; sourceTree = "<group>"; };
/* End PBXFileReference section */

/* Begin PBXFrameworksBuildPhase section */
		70ED29922BD56EDC0066A026 /* Frameworks */ = {
			isa = PBXFrameworksBuildPhase;
			buildActionMask = 2147483647;
			files = (
			);
			runOnlyForDeploymentPostprocessing = 0;
		};
/* End PBXFrameworksBuildPhase section */

/* Begin PBXGroup section */
		70BCCEB22BD5839D00D71E1C /* Model */ = {
			isa = PBXGroup;
			children = (
				70BCCEAE2BD5836800D71E1C /* PetsModel.swift */,
				70BCCEB32BD583C500D71E1C /* ConfigModel.swift */,
			);
			path = Model;
			sourceTree = "<group>";
		};
		70BCCEB82BD584DB00D71E1C /* ViewModel */ = {
			isa = PBXGroup;
			children = (
				70BCCEC52BD58CB200D71E1C /* HomeViewModel.swift */,
			);
			path = ViewModel;
			sourceTree = "<group>";
		};
		70BCCEBD2BD58BD800D71E1C /* Enums */ = {
			isa = PBXGroup;
			children = (
				70BCCEBB2BD58BCA00D71E1C /* Enums.swift */,
			);
			path = Enums;
			sourceTree = "<group>";
		};
		70BCCEC12BD58C2A00D71E1C /* Extensions */ = {
			isa = PBXGroup;
			children = (
				70BCCEBF2BD58C0F00D71E1C /* Extensions.swift */,
			);
			path = Extensions;
			sourceTree = "<group>";
		};
		70BCCEC42BD58C7700D71E1C /* NetworkManager */ = {
			isa = PBXGroup;
			children = (
				70CAE5212BD64D0C00D938D8 /* NetworkManager.swift */,
			);
			path = NetworkManager;
			sourceTree = "<group>";
		};
		70BCCECF2BD5915400D71E1C /* Header Cell */ = {
			isa = PBXGroup;
			children = (
				70BCCECB2BD5914E00D71E1C /* HeaderCell.swift */,
				70BCCECC2BD5914F00D71E1C /* HeaderCell.xib */,
			);
			path = "Header Cell";
			sourceTree = "<group>";
		};
		70BCCED02BD5916000D71E1C /* Cell */ = {
			isa = PBXGroup;
			children = (
				7056CECF2BD5944700AB1F14 /* PetsTVCell.swift */,
				7056CED02BD5944700AB1F14 /* PetsTVCell.xib */,
			);
			path = Cell;
			sourceTree = "<group>";
		};
		70CAE5202BD641A400D938D8 /* Constants */ = {
			isa = PBXGroup;
			children = (
				70CAE51E2BD6419800D938D8 /* Constants.swift */,
			);
			path = Constants;
			sourceTree = "<group>";
		};
		70ED298C2BD56EDC0066A026 = {
			isa = PBXGroup;
			children = (
				70ED29972BD56EDC0066A026 /* PetCare Connect */,
				70ED29962BD56EDC0066A026 /* Products */,
			);
			sourceTree = "<group>";
		};
		70ED29962BD56EDC0066A026 /* Products */ = {
			isa = PBXGroup;
			children = (
				70ED29952BD56EDC0066A026 /* PetCare Connect.app */,
			);
			name = Products;
			sourceTree = "<group>";
		};
		70ED29972BD56EDC0066A026 /* PetCare Connect */ = {
			isa = PBXGroup;
			children = (
				70ED29AC2BD56F070066A026 /* Resources */,
				70BCCEC12BD58C2A00D71E1C /* Extensions */,
				70BCCEBD2BD58BD800D71E1C /* Enums */,
				70BCCEC42BD58C7700D71E1C /* NetworkManager */,
				70CAE5202BD641A400D938D8 /* Constants */,
				70ED29B12BD5751A0066A026 /* Home */,
				70ED29AE2BD56F910066A026 /* Storyboard */,
				70ED29A62BD56EE00066A026 /* Info.plist */,
			);
			path = "PetCare Connect";
			sourceTree = "<group>";
		};
		70ED29AC2BD56F070066A026 /* Resources */ = {
			isa = PBXGroup;
			children = (
				70ED29982BD56EDC0066A026 /* AppDelegate.swift */,
				70ED299A2BD56EDC0066A026 /* SceneDelegate.swift */,
				70ED29A12BD56EE00066A026 /* Assets.xcassets */,
			);
			path = Resources;
			sourceTree = "<group>";
		};
		70ED29AE2BD56F910066A026 /* Storyboard */ = {
			isa = PBXGroup;
			children = (
				70ED299E2BD56EDC0066A026 /* Main.storyboard */,
				70ED29A32BD56EE00066A026 /* LaunchScreen.storyboard */,
			);
			path = Storyboard;
			sourceTree = "<group>";
		};
		70ED29B12BD5751A0066A026 /* Home */ = {
			isa = PBXGroup;
			children = (
				70BCCEB82BD584DB00D71E1C /* ViewModel */,
				70ED29B22BD575240066A026 /* Controller */,
				70BCCEB22BD5839D00D71E1C /* Model */,
				70FC2E492BD5B19500D46D9A /* TableView Cell */,
			);
			path = Home;
			sourceTree = "<group>";
		};
		70ED29B22BD575240066A026 /* Controller */ = {
			isa = PBXGroup;
			children = (
				7030CE0D2BD681F500A931E3 /* PetsDetailsVC.swift */,
				70ED29AF2BD5750B0066A026 /* HomeVC.swift */,
			);
			path = Controller;
			sourceTree = "<group>";
		};
		70FC2E492BD5B19500D46D9A /* TableView Cell */ = {
			isa = PBXGroup;
			children = (
				70BCCECF2BD5915400D71E1C /* Header Cell */,
				70BCCED02BD5916000D71E1C /* Cell */,
			);
			path = "TableView Cell";
			sourceTree = "<group>";
		};
/* End PBXGroup section */

/* Begin PBXNativeTarget section */
		70ED29942BD56EDC0066A026 /* PetCare Connect */ = {
			isa = PBXNativeTarget;
			buildConfigurationList = 70ED29A92BD56EE00066A026 /* Build configuration list for PBXNativeTarget "PetCare Connect" */;
			buildPhases = (
				70ED29912BD56EDC0066A026 /* Sources */,
				70ED29922BD56EDC0066A026 /* Frameworks */,
				70ED29932BD56EDC0066A026 /* Resources */,
			);
			buildRules = (
			);
			dependencies = (
			);
			name = "PetCare Connect";
			productName = "PetCare Connect";
			productReference = 70ED29952BD56EDC0066A026 /* PetCare Connect.app */;
			productType = "com.apple.product-type.application";
		};
/* End PBXNativeTarget section */

/* Begin PBXProject section */
		70ED298D2BD56EDC0066A026 /* Project object */ = {
			isa = PBXProject;
			attributes = {
				BuildIndependentTargetsInParallel = 1;
				LastSwiftUpdateCheck = 1420;
				LastUpgradeCheck = 1420;
				TargetAttributes = {
					70ED29942BD56EDC0066A026 = {
						CreatedOnToolsVersion = 14.2;
					};
				};
			};
			buildConfigurationList = 70ED29902BD56EDC0066A026 /* Build configuration list for PBXProject "PetCare Connect" */;
			compatibilityVersion = "Xcode 14.0";
			developmentRegion = en;
			hasScannedForEncodings = 0;
			knownRegions = (
				en,
				Base,
			);
			mainGroup = 70ED298C2BD56EDC0066A026;
			productRefGroup = 70ED29962BD56EDC0066A026 /* Products */;
			projectDirPath = "";
			projectRoot = "";
			targets = (
				70ED29942BD56EDC0066A026 /* PetCare Connect */,
			);
		};
/* End PBXProject section */

/* Begin PBXResourcesBuildPhase section */
		70ED29932BD56EDC0066A026 /* Resources */ = {
			isa = PBXResourcesBuildPhase;
			buildActionMask = 2147483647;
			files = (
				70BCCECE2BD5914F00D71E1C /* HeaderCell.xib in Resources */,
				70ED29A52BD56EE00066A026 /* LaunchScreen.storyboard in Resources */,
				7056CED22BD5944700AB1F14 /* PetsTVCell.xib in Resources */,
				70ED29A22BD56EE00066A026 /* Assets.xcassets in Resources */,
				70ED29A02BD56EDC0066A026 /* Main.storyboard in Resources */,
			);
			runOnlyForDeploymentPostprocessing = 0;
		};
/* End PBXResourcesBuildPhase section */

/* Begin PBXSourcesBuildPhase section */
		70ED29912BD56EDC0066A026 /* Sources */ = {
			isa = PBXSourcesBuildPhase;
			buildActionMask = 2147483647;
			files = (
				70ED29B02BD5750B0066A026 /* HomeVC.swift in Sources */,
				7056CED12BD5944700AB1F14 /* PetsTVCell.swift in Sources */,
				70BCCEC62BD58CB200D71E1C /* HomeViewModel.swift in Sources */,
				70ED29992BD56EDC0066A026 /* AppDelegate.swift in Sources */,
				70BCCEC02BD58C0F00D71E1C /* Extensions.swift in Sources */,
				70ED299B2BD56EDC0066A026 /* SceneDelegate.swift in Sources */,
				70CAE51F2BD6419800D938D8 /* Constants.swift in Sources */,
				70BCCEBC2BD58BCA00D71E1C /* Enums.swift in Sources */,
				7030CE0E2BD681F500A931E3 /* PetsDetailsVC.swift in Sources */,
				70CAE5222BD64D0C00D938D8 /* NetworkManager.swift in Sources */,
				70BCCEAF2BD5836800D71E1C /* PetsModel.swift in Sources */,
				70BCCECD2BD5914F00D71E1C /* HeaderCell.swift in Sources */,
				70BCCEB42BD583C500D71E1C /* ConfigModel.swift in Sources */,
			);
			runOnlyForDeploymentPostprocessing = 0;
		};
/* End PBXSourcesBuildPhase section */

/* Begin PBXVariantGroup section */
		70ED299E2BD56EDC0066A026 /* Main.storyboard */ = {
			isa = PBXVariantGroup;
			children = (
				70ED299F2BD56EDC0066A026 /* Base */,
			);
			name = Main.storyboard;
			sourceTree = "<group>";
		};
		70ED29A32BD56EE00066A026 /* LaunchScreen.storyboard */ = {
			isa = PBXVariantGroup;
			children = (
				70ED29A42BD56EE00066A026 /* Base */,
			);
			name = LaunchScreen.storyboard;
			sourceTree = "<group>";
		};
/* End PBXVariantGroup section */

/* Begin XCBuildConfiguration section */
		70ED29A72BD56EE00066A026 /* Debug */ = {
			isa = XCBuildConfiguration;
			buildSettings = {
				ALWAYS_SEARCH_USER_PATHS = NO;
				CLANG_ANALYZER_NONNULL = YES;
				CLANG_ANALYZER_NUMBER_OBJECT_CONVERSION = YES_AGGRESSIVE;
				CLANG_CXX_LANGUAGE_STANDARD = "gnu++20";
				CLANG_ENABLE_MODULES = YES;
				CLANG_ENABLE_OBJC_ARC = YES;
				CLANG_ENABLE_OBJC_WEAK = YES;
				CLANG_WARN_BLOCK_CAPTURE_AUTORELEASING = YES;
				CLANG_WARN_BOOL_CONVERSION = YES;
				CLANG_WARN_COMMA = YES;
				CLANG_WARN_CONSTANT_CONVERSION = YES;
				CLANG_WARN_DEPRECATED_OBJC_IMPLEMENTATIONS = YES;
				CLANG_WARN_DIRECT_OBJC_ISA_USAGE = YES_ERROR;
				CLANG_WARN_DOCUMENTATION_COMMENTS = YES;
				CLANG_WARN_EMPTY_BODY = YES;
				CLANG_WARN_ENUM_CONVERSION = YES;
				CLANG_WARN_INFINITE_RECURSION = YES;
				CLANG_WARN_INT_CONVERSION = YES;
				CLANG_WARN_NON_LITERAL_NULL_CONVERSION = YES;
				CLANG_WARN_OBJC_IMPLICIT_RETAIN_SELF = YES;
				CLANG_WARN_OBJC_LITERAL_CONVERSION = YES;
				CLANG_WARN_OBJC_ROOT_CLASS = YES_ERROR;
				CLANG_WARN_QUOTED_INCLUDE_IN_FRAMEWORK_HEADER = YES;
				CLANG_WARN_RANGE_LOOP_ANALYSIS = YES;
				CLANG_WARN_STRICT_PROTOTYPES = YES;
				CLANG_WARN_SUSPICIOUS_MOVE = YES;
				CLANG_WARN_UNGUARDED_AVAILABILITY = YES_AGGRESSIVE;
				CLANG_WARN_UNREACHABLE_CODE = YES;
				CLANG_WARN__DUPLICATE_METHOD_MATCH = YES;
				COPY_PHASE_STRIP = NO;
				DEBUG_INFORMATION_FORMAT = dwarf;
				ENABLE_STRICT_OBJC_MSGSEND = YES;
				ENABLE_TESTABILITY = YES;
				GCC_C_LANGUAGE_STANDARD = gnu11;
				GCC_DYNAMIC_NO_PIC = NO;
				GCC_NO_COMMON_BLOCKS = YES;
				GCC_OPTIMIZATION_LEVEL = 0;
				GCC_PREPROCESSOR_DEFINITIONS = (
					"DEBUG=1",
					"$(inherited)",
				);
				GCC_WARN_64_TO_32_BIT_CONVERSION = YES;
				GCC_WARN_ABOUT_RETURN_TYPE = YES_ERROR;
				GCC_WARN_UNDECLARED_SELECTOR = YES;
				GCC_WARN_UNINITIALIZED_AUTOS = YES_AGGRESSIVE;
				GCC_WARN_UNUSED_FUNCTION = YES;
				GCC_WARN_UNUSED_VARIABLE = YES;
				IPHONEOS_DEPLOYMENT_TARGET = 16.2;
				MTL_ENABLE_DEBUG_INFO = INCLUDE_SOURCE;
				MTL_FAST_MATH = YES;
				ONLY_ACTIVE_ARCH = YES;
				SDKROOT = iphoneos;
				SWIFT_ACTIVE_COMPILATION_CONDITIONS = DEBUG;
				SWIFT_OPTIMIZATION_LEVEL = "-Onone";
			};
			name = Debug;
		};
		70ED29A82BD56EE00066A026 /* Release */ = {
			isa = XCBuildConfiguration;
			buildSettings = {
				ALWAYS_SEARCH_USER_PATHS = NO;
				CLANG_ANALYZER_NONNULL = YES;
				CLANG_ANALYZER_NUMBER_OBJECT_CONVERSION = YES_AGGRESSIVE;
				CLANG_CXX_LANGUAGE_STANDARD = "gnu++20";
				CLANG_ENABLE_MODULES = YES;
				CLANG_ENABLE_OBJC_ARC = YES;
				CLANG_ENABLE_OBJC_WEAK = YES;
				CLANG_WARN_BLOCK_CAPTURE_AUTORELEASING = YES;
				CLANG_WARN_BOOL_CONVERSION = YES;
				CLANG_WARN_COMMA = YES;
				CLANG_WARN_CONSTANT_CONVERSION = YES;
				CLANG_WARN_DEPRECATED_OBJC_IMPLEMENTATIONS = YES;
				CLANG_WARN_DIRECT_OBJC_ISA_USAGE = YES_ERROR;
				CLANG_WARN_DOCUMENTATION_COMMENTS = YES;
				CLANG_WARN_EMPTY_BODY = YES;
				CLANG_WARN_ENUM_CONVERSION = YES;
				CLANG_WARN_INFINITE_RECURSION = YES;
				CLANG_WARN_INT_CONVERSION = YES;
				CLANG_WARN_NON_LITERAL_NULL_CONVERSION = YES;
				CLANG_WARN_OBJC_IMPLICIT_RETAIN_SELF = YES;
				CLANG_WARN_OBJC_LITERAL_CONVERSION = YES;
				CLANG_WARN_OBJC_ROOT_CLASS = YES_ERROR;
				CLANG_WARN_QUOTED_INCLUDE_IN_FRAMEWORK_HEADER = YES;
				CLANG_WARN_RANGE_LOOP_ANALYSIS = YES;
				CLANG_WARN_STRICT_PROTOTYPES = YES;
				CLANG_WARN_SUSPICIOUS_MOVE = YES;
				CLANG_WARN_UNGUARDED_AVAILABILITY = YES_AGGRESSIVE;
				CLANG_WARN_UNREACHABLE_CODE = YES;
				CLANG_WARN__DUPLICATE_METHOD_MATCH = YES;
				COPY_PHASE_STRIP = NO;
				DEBUG_INFORMATION_FORMAT = "dwarf-with-dsym";
				ENABLE_NS_ASSERTIONS = NO;
				ENABLE_STRICT_OBJC_MSGSEND = YES;
				GCC_C_LANGUAGE_STANDARD = gnu11;
				GCC_NO_COMMON_BLOCKS = YES;
				GCC_WARN_64_TO_32_BIT_CONVERSION = YES;
				GCC_WARN_ABOUT_RETURN_TYPE = YES_ERROR;
				GCC_WARN_UNDECLARED_SELECTOR = YES;
				GCC_WARN_UNINITIALIZED_AUTOS = YES_AGGRESSIVE;
				GCC_WARN_UNUSED_FUNCTION = YES;
				GCC_WARN_UNUSED_VARIABLE = YES;
				IPHONEOS_DEPLOYMENT_TARGET = 16.2;
				MTL_ENABLE_DEBUG_INFO = NO;
				MTL_FAST_MATH = YES;
				SDKROOT = iphoneos;
				SWIFT_COMPILATION_MODE = wholemodule;
				SWIFT_OPTIMIZATION_LEVEL = "-O";
				VALIDATE_PRODUCT = YES;
			};
			name = Release;
		};
		70ED29AA2BD56EE00066A026 /* Debug */ = {
			isa = XCBuildConfiguration;
			buildSettings = {
				ASSETCATALOG_COMPILER_APPICON_NAME = AppIcon;
				ASSETCATALOG_COMPILER_GLOBAL_ACCENT_COLOR_NAME = AccentColor;
				CODE_SIGN_STYLE = Automatic;
				CURRENT_PROJECT_VERSION = 1;
				GENERATE_INFOPLIST_FILE = YES;
				INFOPLIST_FILE = "PetCare Connect/Info.plist";
				INFOPLIST_KEY_UIApplicationSupportsIndirectInputEvents = YES;
				INFOPLIST_KEY_UILaunchStoryboardName = LaunchScreen;
				INFOPLIST_KEY_UIMainStoryboardFile = Main;
				INFOPLIST_KEY_UISupportedInterfaceOrientations_iPad = "UIInterfaceOrientationPortrait UIInterfaceOrientationPortraitUpsideDown UIInterfaceOrientationLandscapeLeft UIInterfaceOrientationLandscapeRight";
				INFOPLIST_KEY_UISupportedInterfaceOrientations_iPhone = "UIInterfaceOrientationPortrait UIInterfaceOrientationLandscapeLeft UIInterfaceOrientationLandscapeRight";
				LD_RUNPATH_SEARCH_PATHS = (
					"$(inherited)",
					"@executable_path/Frameworks",
				);
				MARKETING_VERSION = 1.0;
				PRODUCT_BUNDLE_IDENTIFIER = "com.demo.demo.PetCare-Connect";
				PRODUCT_NAME = "$(TARGET_NAME)";
				SWIFT_EMIT_LOC_STRINGS = YES;
				SWIFT_VERSION = 5.0;
				TARGETED_DEVICE_FAMILY = "1,2";
			};
			name = Debug;
		};
		70ED29AB2BD56EE00066A026 /* Release */ = {
			isa = XCBuildConfiguration;
			buildSettings = {
				ASSETCATALOG_COMPILER_APPICON_NAME = AppIcon;
				ASSETCATALOG_COMPILER_GLOBAL_ACCENT_COLOR_NAME = AccentColor;
				CODE_SIGN_STYLE = Automatic;
				CURRENT_PROJECT_VERSION = 1;
				GENERATE_INFOPLIST_FILE = YES;
				INFOPLIST_FILE = "PetCare Connect/Info.plist";
				INFOPLIST_KEY_UIApplicationSupportsIndirectInputEvents = YES;
				INFOPLIST_KEY_UILaunchStoryboardName = LaunchScreen;
				INFOPLIST_KEY_UIMainStoryboardFile = Main;
				INFOPLIST_KEY_UISupportedInterfaceOrientations_iPad = "UIInterfaceOrientationPortrait UIInterfaceOrientationPortraitUpsideDown UIInterfaceOrientationLandscapeLeft UIInterfaceOrientationLandscapeRight";
				INFOPLIST_KEY_UISupportedInterfaceOrientations_iPhone = "UIInterfaceOrientationPortrait UIInterfaceOrientationLandscapeLeft UIInterfaceOrientationLandscapeRight";
				LD_RUNPATH_SEARCH_PATHS = (
					"$(inherited)",
					"@executable_path/Frameworks",
				);
				MARKETING_VERSION = 1.0;
				PRODUCT_BUNDLE_IDENTIFIER = "com.demo.demo.PetCare-Connect";
				PRODUCT_NAME = "$(TARGET_NAME)";
				SWIFT_EMIT_LOC_STRINGS = YES;
				SWIFT_VERSION = 5.0;
				TARGETED_DEVICE_FAMILY = "1,2";
			};
			name = Release;
		};
/* End XCBuildConfiguration section */

/* Begin XCConfigurationList section */
		70ED29902BD56EDC0066A026 /* Build configuration list for PBXProject "PetCare Connect" */ = {
			isa = XCConfigurationList;
			buildConfigurations = (
				70ED29A72BD56EE00066A026 /* Debug */,
				70ED29A82BD56EE00066A026 /* Release */,
			);
			defaultConfigurationIsVisible = 0;
			defaultConfigurationName = Release;
		};
		70ED29A92BD56EE00066A026 /* Build configuration list for PBXNativeTarget "PetCare Connect" */ = {
			isa = XCConfigurationList;
			buildConfigurations = (
				70ED29AA2BD56EE00066A026 /* Debug */,
				70ED29AB2BD56EE00066A026 /* Release */,
			);
			defaultConfigurationIsVisible = 0;
			defaultConfigurationName = Release;
		};
/* End XCConfigurationList section */
	};
	rootObject = 70ED298D2BD56EDC0066A026 /* Project object */;
}
